
Microsoft Visual Studio Solution File, Format Version 12.00
# Visual Studio Version 17
VisualStudioVersion = 17.0.31912.275
MinimumVisualStudioVersion = 10.0.40219.1
Project("{2150E333-8FDC-42A3-9474-1A3956D46DE8}") = "src", "src", "{A7CE9CEA-63EF-40BC-9DDD-F57D7AC26C3E}"
EndProject
Project("{2150E333-8FDC-42A3-9474-1A3956D46DE8}") = "tests", "tests", "{8B0FDB9C-FE4C-496F-8F54-04F15394E262}"
EndProject
Project("{2150E333-8FDC-42A3-9474-1A3956D46DE8}") = "API", "API", "{A9A8B64B-D5A9-4A1F-AAD6-FE2E6CD5299B}"
EndProject
Project("{2150E333-8FDC-42A3-9474-1A3956D46DE8}") = "Core", "Core", "{F94FF3B1-9AED-4908-B76D-570530B58737}"
EndProject
Project("{2150E333-8FDC-42A3-9474-1A3956D46DE8}") = "UI", "UI", "{37E79829-4E86-4FF5-B758-554D9B0A4D1F}"
EndProject
Project("{2150E333-8FDC-42A3-9474-1A3956D46DE8}") = "Infrastructure", "Infrastructure", "{4DD4647E-D2A3-46B6-B8DD-A1449AF63D95}"
EndProject
Project("{9A19103F-16F7-4668-BE54-9A1E7A4F7556}") = "HR.LeaveManagement.Domain", "src\Core\HR.LeaveManagement.Domain\HR.LeaveManagement.Domain.csproj", "{603B4008-58E4-47DD-B771-A4E7E2686DD9}"
EndProject
Project("{9A19103F-16F7-4668-BE54-9A1E7A4F7556}") = "HR.LeaveManagement.Application", "src\Core\HR.LeaveManagement.Application\HR.LeaveManagement.Application.csproj", "{354BC29B-B4C1-43A1-A2E4-DF67ACB06E8C}"
EndProject
Project("{2150E333-8FDC-42A3-9474-1A3956D46DE8}") = "Solution Items", "Solution Items", "{4E60C058-0978-4994-94CB-82E57333B45F}"
	ProjectSection(SolutionItems) = preProject
		.editorconfig = .editorconfig
		.gitignore = .gitignore
		README.md = README.md
	EndProjectSection
EndProject
Project("{9A19103F-16F7-4668-BE54-9A1E7A4F7556}") = "HR.LeaveManagement.Infrastructure", "src\Infrastructure\HR.LeaveManagement.Infrastructure\HR.LeaveManagement.Infrastructure.csproj", "{07CA7F10-49B0-410C-BE7E-CED17F276DCC}"
EndProject
Project("{9A19103F-16F7-4668-BE54-9A1E7A4F7556}") = "HR.LeaveManagement.Persistance", "src\Infrastructure\HR.LeaveManagement.Persistance\HR.LeaveManagement.Persistance.csproj", "{D108856C-D619-417C-A6BD-81206DE09D60}"
EndProject
Project("{9A19103F-16F7-4668-BE54-9A1E7A4F7556}") = "HR.LeaveManagement.Api", "src\API\HR.LeaveManagement.Api\HR.LeaveManagement.Api.csproj", "{059B674B-CADA-4BE2-9065-BF7FF4CD271B}"
EndProject
Project("{9A19103F-16F7-4668-BE54-9A1E7A4F7556}") = "HR.LeaveManagement.Application.UnitTests", "tests\HR.LeaveManagement.Application.UnitTests\HR.LeaveManagement.Application.UnitTests.csproj", "{1847A367-75E2-4817-94A2-EA487487C008}"
EndProject
Project("{9A19103F-16F7-4668-BE54-9A1E7A4F7556}") = "HR.LeaveManagement.Mvc", "src\UI\HR.LeaveManagement.Mvc\HR.LeaveManagement.Mvc.csproj", "{B7B89DF0-20FF-4195-8EE8-6F58AF1A9426}"
EndProject
Project("{FAE04EC0-301F-11D3-BF4B-00C04F79EFBC}") = "HR.LeaveManagement.Identity", "src\Infrastructure\HR.LeaveManagement.Identity\HR.LeaveManagement.Identity.csproj", "{B7783FDC-BC9A-41D1-BF21-488CE5050138}"
EndProject
Global
	GlobalSection(SolutionConfigurationPlatforms) = preSolution
		Debug|Any CPU = Debug|Any CPU
		Release|Any CPU = Release|Any CPU
	EndGlobalSection
	GlobalSection(ProjectConfigurationPlatforms) = postSolution
		{603B4008-58E4-47DD-B771-A4E7E2686DD9}.Debug|Any CPU.ActiveCfg = Debug|Any CPU
		{603B4008-58E4-47DD-B771-A4E7E2686DD9}.Debug|Any CPU.Build.0 = Debug|Any CPU
		{603B4008-58E4-47DD-B771-A4E7E2686DD9}.Release|Any CPU.ActiveCfg = Release|Any CPU
		{603B4008-58E4-47DD-B771-A4E7E2686DD9}.Release|Any CPU.Build.0 = Release|Any CPU
		{354BC29B-B4C1-43A1-A2E4-DF67ACB06E8C}.Debug|Any CPU.ActiveCfg = Debug|Any CPU
		{354BC29B-B4C1-43A1-A2E4-DF67ACB06E8C}.Debug|Any CPU.Build.0 = Debug|Any CPU
		{354BC29B-B4C1-43A1-A2E4-DF67ACB06E8C}.Release|Any CPU.ActiveCfg = Release|Any CPU
		{354BC29B-B4C1-43A1-A2E4-DF67ACB06E8C}.Release|Any CPU.Build.0 = Release|Any CPU
		{07CA7F10-49B0-410C-BE7E-CED17F276DCC}.Debug|Any CPU.ActiveCfg = Debug|Any CPU
		{07CA7F10-49B0-410C-BE7E-CED17F276DCC}.Debug|Any CPU.Build.0 = Debug|Any CPU
		{07CA7F10-49B0-410C-BE7E-CED17F276DCC}.Release|Any CPU.ActiveCfg = Release|Any CPU
		{07CA7F10-49B0-410C-BE7E-CED17F276DCC}.Release|Any CPU.Build.0 = Release|Any CPU
		{D108856C-D619-417C-A6BD-81206DE09D60}.Debug|Any CPU.ActiveCfg = Debug|Any CPU
		{D108856C-D619-417C-A6BD-81206DE09D60}.Debug|Any CPU.Build.0 = Debug|Any CPU
		{D108856C-D619-417C-A6BD-81206DE09D60}.Release|Any CPU.ActiveCfg = Release|Any CPU
		{D108856C-D619-417C-A6BD-81206DE09D60}.Release|Any CPU.Build.0 = Release|Any CPU
		{059B674B-CADA-4BE2-9065-BF7FF4CD271B}.Debug|Any CPU.ActiveCfg = Debug|Any CPU
		{059B674B-CADA-4BE2-9065-BF7FF4CD271B}.Debug|Any CPU.Build.0 = Debug|Any CPU
		{059B674B-CADA-4BE2-9065-BF7FF4CD271B}.Release|Any CPU.ActiveCfg = Release|Any CPU
		{059B674B-CADA-4BE2-9065-BF7FF4CD271B}.Release|Any CPU.Build.0 = Release|Any CPU
		{1847A367-75E2-4817-94A2-EA487487C008}.Debug|Any CPU.ActiveCfg = Debug|Any CPU
		{1847A367-75E2-4817-94A2-EA487487C008}.Debug|Any CPU.Build.0 = Debug|Any CPU
		{1847A367-75E2-4817-94A2-EA487487C008}.Release|Any CPU.ActiveCfg = Release|Any CPU
		{1847A367-75E2-4817-94A2-EA487487C008}.Release|Any CPU.Build.0 = Release|Any CPU
		{B7B89DF0-20FF-4195-8EE8-6F58AF1A9426}.Debug|Any CPU.ActiveCfg = Debug|Any CPU
		{B7B89DF0-20FF-4195-8EE8-6F58AF1A9426}.Debug|Any CPU.Build.0 = Debug|Any CPU
		{B7B89DF0-20FF-4195-8EE8-6F58AF1A9426}.Release|Any CPU.ActiveCfg = Release|Any CPU
		{B7B89DF0-20FF-4195-8EE8-6F58AF1A9426}.Release|Any CPU.Build.0 = Release|Any CPU
		{B7783FDC-BC9A-41D1-BF21-488CE5050138}.Debug|Any CPU.ActiveCfg = Debug|Any CPU
		{B7783FDC-BC9A-41D1-BF21-488CE5050138}.Debug|Any CPU.Build.0 = Debug|Any CPU
		{B7783FDC-BC9A-41D1-BF21-488CE5050138}.Release|Any CPU.ActiveCfg = Release|Any CPU
		{B7783FDC-BC9A-41D1-BF21-488CE5050138}.Release|Any CPU.Build.0 = Release|Any CPU
	EndGlobalSection
	GlobalSection(SolutionProperties) = preSolution
		HideSolutionNode = FALSE
	EndGlobalSection
	GlobalSection(NestedProjects) = preSolution
		{A9A8B64B-D5A9-4A1F-AAD6-FE2E6CD5299B} = {A7CE9CEA-63EF-40BC-9DDD-F57D7AC26C3E}
		{F94FF3B1-9AED-4908-B76D-570530B58737} = {A7CE9CEA-63EF-40BC-9DDD-F57D7AC26C3E}
		{37E79829-4E86-4FF5-B758-554D9B0A4D1F} = {A7CE9CEA-63EF-40BC-9DDD-F57D7AC26C3E}
		{4DD4647E-D2A3-46B6-B8DD-A1449AF63D95} = {A7CE9CEA-63EF-40BC-9DDD-F57D7AC26C3E}
		{603B4008-58E4-47DD-B771-A4E7E2686DD9} = {F94FF3B1-9AED-4908-B76D-570530B58737}
		{354BC29B-B4C1-43A1-A2E4-DF67ACB06E8C} = {F94FF3B1-9AED-4908-B76D-570530B58737}
		{07CA7F10-49B0-410C-BE7E-CED17F276DCC} = {4DD4647E-D2A3-46B6-B8DD-A1449AF63D95}
		{D108856C-D619-417C-A6BD-81206DE09D60} = {4DD4647E-D2A3-46B6-B8DD-A1449AF63D95}
		{059B674B-CADA-4BE2-9065-BF7FF4CD271B} = {A9A8B64B-D5A9-4A1F-AAD6-FE2E6CD5299B}
		{1847A367-75E2-4817-94A2-EA487487C008} = {8B0FDB9C-FE4C-496F-8F54-04F15394E262}
		{B7B89DF0-20FF-4195-8EE8-6F58AF1A9426} = {37E79829-4E86-4FF5-B758-554D9B0A4D1F}
		{B7783FDC-BC9A-41D1-BF21-488CE5050138} = {4DD4647E-D2A3-46B6-B8DD-A1449AF63D95}
	EndGlobalSection
	GlobalSection(ExtensibilityGlobals) = postSolution
		SolutionGuid = {710FBB3C-B708-4D54-A310-2048B7E0BF43}
	EndGlobalSection
EndGlobal
